// !$*UTF8*$!
{
	archiveVersion = 1;
	classes = {
	};
	objectVersion = 55;
	objects = {

/* Begin PBXBuildFile section */
		C9416ABB28A0CF5B00C7BCA2 /* NYCSchoolsApp.swift in Sources */ = {isa = PBXBuildFile; fileRef = C9416ABA28A0CF5B00C7BCA2 /* NYCSchoolsApp.swift */; };
		C9416ABD28A0CF5B00C7BCA2 /* DirectoryView.swift in Sources */ = {isa = PBXBuildFile; fileRef = C9416ABC28A0CF5B00C7BCA2 /* DirectoryView.swift */; };
		C9416ABF28A0CF5D00C7BCA2 /* Assets.xcassets in Resources */ = {isa = PBXBuildFile; fileRef = C9416ABE28A0CF5D00C7BCA2 /* Assets.xcassets */; };
		C9416AC228A0CF5D00C7BCA2 /* Preview Assets.xcassets in Resources */ = {isa = PBXBuildFile; fileRef = C9416AC128A0CF5D00C7BCA2 /* Preview Assets.xcassets */; };
		C9416ACC28A0CF5D00C7BCA2 /* NYCSchoolsTests.swift in Sources */ = {isa = PBXBuildFile; fileRef = C9416ACB28A0CF5D00C7BCA2 /* NYCSchoolsTests.swift */; };
		C9416AE528A0D96A00C7BCA2 /* SchoolSrv.swift in Sources */ = {isa = PBXBuildFile; fileRef = C9416AE428A0D96A00C7BCA2 /* SchoolSrv.swift */; };
		C9416AE728A0DD7800C7BCA2 /* SchoolInfo.swift in Sources */ = {isa = PBXBuildFile; fileRef = C9416AE628A0DD7800C7BCA2 /* SchoolInfo.swift */; };
		C9416AEA28A0E73400C7BCA2 /* Foundation+Ext.swift in Sources */ = {isa = PBXBuildFile; fileRef = C9416AE928A0E73400C7BCA2 /* Foundation+Ext.swift */; };
		C9416AEC28A10DD000C7BCA2 /* SchoolResults.swift in Sources */ = {isa = PBXBuildFile; fileRef = C9416AEB28A10DD000C7BCA2 /* SchoolResults.swift */; };
		C9416AEE28A1238200C7BCA2 /* Model.swift in Sources */ = {isa = PBXBuildFile; fileRef = C9416AED28A1238200C7BCA2 /* Model.swift */; };
		C9416AF128A12C6700C7BCA2 /* SchoolInfoView.swift in Sources */ = {isa = PBXBuildFile; fileRef = C9416AF028A12C6700C7BCA2 /* SchoolInfoView.swift */; };
		C9416AF328A1327700C7BCA2 /* SchoolResultView.swift in Sources */ = {isa = PBXBuildFile; fileRef = C9416AF228A1327700C7BCA2 /* SchoolResultView.swift */; };
		C9416AF528A1364E00C7BCA2 /* SchoolResultFetcherView.swift in Sources */ = {isa = PBXBuildFile; fileRef = C9416AF428A1364E00C7BCA2 /* SchoolResultFetcherView.swift */; };
		C9416AF828A1376800C7BCA2 /* LoadingView.swift in Sources */ = {isa = PBXBuildFile; fileRef = C9416AF728A1376800C7BCA2 /* LoadingView.swift */; };
/* End PBXBuildFile section */

/* Begin PBXContainerItemProxy section */
		C9416AC828A0CF5D00C7BCA2 /* PBXContainerItemProxy */ = {
			isa = PBXContainerItemProxy;
			containerPortal = C9416A7F28A0CEF200C7BCA2 /* Project object */;
			proxyType = 1;
			remoteGlobalIDString = C9416AB728A0CF5B00C7BCA2;
			remoteInfo = NYCSchools;
		};
/* End PBXContainerItemProxy section */

/* Begin PBXFileReference section */
		C9416AB828A0CF5B00C7BCA2 /* NYCSchools.app */ = {isa = PBXFileReference; explicitFileType = wrapper.application; includeInIndex = 0; path = NYCSchools.app; sourceTree = BUILT_PRODUCTS_DIR; };
		C9416ABA28A0CF5B00C7BCA2 /* NYCSchoolsApp.swift */ = {isa = PBXFileReference; lastKnownFileType = sourcecode.swift; path = NYCSchoolsApp.swift; sourceTree = "<group>"; };
		C9416ABC28A0CF5B00C7BCA2 /* DirectoryView.swift */ = {isa = PBXFileReference; lastKnownFileType = sourcecode.swift; path = DirectoryView.swift; sourceTree = "<group>"; };
		C9416ABE28A0CF5D00C7BCA2 /* Assets.xcassets */ = {isa = PBXFileReference; lastKnownFileType = folder.assetcatalog; path = Assets.xcassets; sourceTree = "<group>"; };
		C9416AC128A0CF5D00C7BCA2 /* Preview Assets.xcassets */ = {isa = PBXFileReference; lastKnownFileType = folder.assetcatalog; path = "Preview Assets.xcassets"; sourceTree = "<group>"; };
		C9416AC728A0CF5D00C7BCA2 /* NYCSchoolsTests.xctest */ = {isa = PBXFileReference; explicitFileType = wrapper.cfbundle; includeInIndex = 0; path = NYCSchoolsTests.xctest; sourceTree = BUILT_PRODUCTS_DIR; };
		C9416ACB28A0CF5D00C7BCA2 /* NYCSchoolsTests.swift */ = {isa = PBXFileReference; lastKnownFileType = sourcecode.swift; path = NYCSchoolsTests.swift; sourceTree = "<group>"; };
		C9416AE428A0D96A00C7BCA2 /* SchoolSrv.swift */ = {isa = PBXFileReference; lastKnownFileType = sourcecode.swift; path = SchoolSrv.swift; sourceTree = "<group>"; };
		C9416AE628A0DD7800C7BCA2 /* SchoolInfo.swift */ = {isa = PBXFileReference; lastKnownFileType = sourcecode.swift; path = SchoolInfo.swift; sourceTree = "<group>"; };
		C9416AE928A0E73400C7BCA2 /* Foundation+Ext.swift */ = {isa = PBXFileReference; lastKnownFileType = sourcecode.swift; path = "Foundation+Ext.swift"; sourceTree = "<group>"; };
		C9416AEB28A10DD000C7BCA2 /* SchoolResults.swift */ = {isa = PBXFileReference; lastKnownFileType = sourcecode.swift; path = SchoolResults.swift; sourceTree = "<group>"; };
		C9416AED28A1238200C7BCA2 /* Model.swift */ = {isa = PBXFileReference; lastKnownFileType = sourcecode.swift; path = Model.swift; sourceTree = "<group>"; };
		C9416AF028A12C6700C7BCA2 /* SchoolInfoView.swift */ = {isa = PBXFileReference; lastKnownFileType = sourcecode.swift; path = SchoolInfoView.swift; sourceTree = "<group>"; };
		C9416AF228A1327700C7BCA2 /* SchoolResultView.swift */ = {isa = PBXFileReference; lastKnownFileType = sourcecode.swift; path = SchoolResultView.swift; sourceTree = "<group>"; };
		C9416AF428A1364E00C7BCA2 /* SchoolResultFetcherView.swift */ = {isa = PBXFileReference; lastKnownFileType = sourcecode.swift; path = SchoolResultFetcherView.swift; sourceTree = "<group>"; };
		C9416AF728A1376800C7BCA2 /* LoadingView.swift */ = {isa = PBXFileReference; lastKnownFileType = sourcecode.swift; path = LoadingView.swift; sourceTree = "<group>"; };
/* End PBXFileReference section */

/* Begin PBXFrameworksBuildPhase section */
		C9416AB528A0CF5B00C7BCA2 /* Frameworks */ = {
			isa = PBXFrameworksBuildPhase;
			buildActionMask = 2147483647;
			files = (
			);
			runOnlyForDeploymentPostprocessing = 0;
		};
		C9416AC428A0CF5D00C7BCA2 /* Frameworks */ = {
			isa = PBXFrameworksBuildPhase;
			buildActionMask = 2147483647;
			files = (
			);
			runOnlyForDeploymentPostprocessing = 0;
		};
/* End PBXFrameworksBuildPhase section */

/* Begin PBXGroup section */
		C9416A7E28A0CEF200C7BCA2 = {
			isa = PBXGroup;
			children = (
				C9416AB928A0CF5B00C7BCA2 /* NYCSchools */,
				C9416ACA28A0CF5D00C7BCA2 /* NYCSchoolsTests */,
				C9416A8828A0CEF200C7BCA2 /* Products */,
			);
			sourceTree = "<group>";
		};
		C9416A8828A0CEF200C7BCA2 /* Products */ = {
			isa = PBXGroup;
			children = (
				C9416AB828A0CF5B00C7BCA2 /* NYCSchools.app */,
				C9416AC728A0CF5D00C7BCA2 /* NYCSchoolsTests.xctest */,
			);
			name = Products;
			sourceTree = "<group>";
		};
		C9416AB928A0CF5B00C7BCA2 /* NYCSchools */ = {
			isa = PBXGroup;
			children = (
				C9416AF628A1375600C7BCA2 /* Component */,
				C9416AEF28A12C4500C7BCA2 /* View */,
				C9416AE828A0E72300C7BCA2 /* Extension */,
				C9416AE328A0D93500C7BCA2 /* Service */,
				C9416AE228A0D01800C7BCA2 /* Model */,
				C9416ABA28A0CF5B00C7BCA2 /* NYCSchoolsApp.swift */,
				C9416ABE28A0CF5D00C7BCA2 /* Assets.xcassets */,
				C9416AC028A0CF5D00C7BCA2 /* Preview Content */,
			);
			path = NYCSchools;
			sourceTree = "<group>";
		};
		C9416AC028A0CF5D00C7BCA2 /* Preview Content */ = {
			isa = PBXGroup;
			children = (
				C9416AC128A0CF5D00C7BCA2 /* Preview Assets.xcassets */,
			);
			path = "Preview Content";
			sourceTree = "<group>";
		};
		C9416ACA28A0CF5D00C7BCA2 /* NYCSchoolsTests */ = {
			isa = PBXGroup;
			children = (
				C9416ACB28A0CF5D00C7BCA2 /* NYCSchoolsTests.swift */,
			);
			path = NYCSchoolsTests;
			sourceTree = "<group>";
		};
		C9416AE228A0D01800C7BCA2 /* Model */ = {
			isa = PBXGroup;
			children = (
				C9416AE628A0DD7800C7BCA2 /* SchoolInfo.swift */,
				C9416AEB28A10DD000C7BCA2 /* SchoolResults.swift */,
				C9416AED28A1238200C7BCA2 /* Model.swift */,
			);
			path = Model;
			sourceTree = "<group>";
		};
		C9416AE328A0D93500C7BCA2 /* Service */ = {
			isa = PBXGroup;
			children = (
				C9416AE428A0D96A00C7BCA2 /* SchoolSrv.swift */,
			);
			path = Service;
			sourceTree = "<group>";
		};
		C9416AE828A0E72300C7BCA2 /* Extension */ = {
			isa = PBXGroup;
			children = (
				C9416AE928A0E73400C7BCA2 /* Foundation+Ext.swift */,
			);
			path = Extension;
			sourceTree = "<group>";
		};
		C9416AEF28A12C4500C7BCA2 /* View */ = {
			isa = PBXGroup;
			children = (
				C9416ABC28A0CF5B00C7BCA2 /* DirectoryView.swift */,
				C9416AF028A12C6700C7BCA2 /* SchoolInfoView.swift */,
				C9416AF228A1327700C7BCA2 /* SchoolResultView.swift */,
				C9416AF428A1364E00C7BCA2 /* SchoolResultFetcherView.swift */,
			);
			path = View;
			sourceTree = "<group>";
		};
		C9416AF628A1375600C7BCA2 /* Component */ = {
			isa = PBXGroup;
			children = (
				C9416AF728A1376800C7BCA2 /* LoadingView.swift */,
			);
			path = Component;
			sourceTree = "<group>";
		};
/* End PBXGroup section */

/* Begin PBXNativeTarget section */
		C9416AB728A0CF5B00C7BCA2 /* NYCSchools */ = {
			isa = PBXNativeTarget;
			buildConfigurationList = C9416AD928A0CF5D00C7BCA2 /* Build configuration list for PBXNativeTarget "NYCSchools" */;
			buildPhases = (
				C9416AB428A0CF5B00C7BCA2 /* Sources */,
				C9416AB528A0CF5B00C7BCA2 /* Frameworks */,
				C9416AB628A0CF5B00C7BCA2 /* Resources */,
			);
			buildRules = (
			);
			dependencies = (
			);
			name = NYCSchools;
			productName = NYCSchools;
			productReference = C9416AB828A0CF5B00C7BCA2 /* NYCSchools.app */;
			productType = "com.apple.product-type.application";
		};
		C9416AC628A0CF5D00C7BCA2 /* NYCSchoolsTests */ = {
			isa = PBXNativeTarget;
			buildConfigurationList = C9416ADC28A0CF5D00C7BCA2 /* Build configuration list for PBXNativeTarget "NYCSchoolsTests" */;
			buildPhases = (
				C9416AC328A0CF5D00C7BCA2 /* Sources */,
				C9416AC428A0CF5D00C7BCA2 /* Frameworks */,
				C9416AC528A0CF5D00C7BCA2 /* Resources */,
			);
			buildRules = (
			);
			dependencies = (
				C9416AC928A0CF5D00C7BCA2 /* PBXTargetDependency */,
			);
			name = NYCSchoolsTests;
			productName = NYCSchoolsTests;
			productReference = C9416AC728A0CF5D00C7BCA2 /* NYCSchoolsTests.xctest */;
			productType = "com.apple.product-type.bundle.unit-test";
		};
/* End PBXNativeTarget section */

/* Begin PBXProject section */
		C9416A7F28A0CEF200C7BCA2 /* Project object */ = {
			isa = PBXProject;
			attributes = {
				BuildIndependentTargetsInParallel = 1;
				LastSwiftUpdateCheck = 1340;
				LastUpgradeCheck = 1340;
				TargetAttributes = {
					C9416AB728A0CF5B00C7BCA2 = {
						CreatedOnToolsVersion = 13.4.1;
					};
					C9416AC628A0CF5D00C7BCA2 = {
						CreatedOnToolsVersion = 13.4.1;
						TestTargetID = C9416AB728A0CF5B00C7BCA2;
					};
				};
			};
			buildConfigurationList = C9416A8228A0CEF200C7BCA2 /* Build configuration list for PBXProject "20220807-GustavoHalperin-NYCSchools" */;
			compatibilityVersion = "Xcode 13.0";
			developmentRegion = en;
			hasScannedForEncodings = 0;
			knownRegions = (
				en,
				Base,
			);
			mainGroup = C9416A7E28A0CEF200C7BCA2;
			productRefGroup = C9416A8828A0CEF200C7BCA2 /* Products */;
			projectDirPath = "";
			projectRoot = "";
			targets = (
				C9416AB728A0CF5B00C7BCA2 /* NYCSchools */,
				C9416AC628A0CF5D00C7BCA2 /* NYCSchoolsTests */,
			);
		};
/* End PBXProject section */

/* Begin PBXResourcesBuildPhase section */
		C9416AB628A0CF5B00C7BCA2 /* Resources */ = {
			isa = PBXResourcesBuildPhase;
			buildActionMask = 2147483647;
			files = (
				C9416AC228A0CF5D00C7BCA2 /* Preview Assets.xcassets in Resources */,
				C9416ABF28A0CF5D00C7BCA2 /* Assets.xcassets in Resources */,
			);
			runOnlyForDeploymentPostprocessing = 0;
		};
		C9416AC528A0CF5D00C7BCA2 /* Resources */ = {
			isa = PBXResourcesBuildPhase;
			buildActionMask = 2147483647;
			files = (
			);
			runOnlyForDeploymentPostprocessing = 0;
		};
/* End PBXResourcesBuildPhase section */

/* Begin PBXSourcesBuildPhase section */
		C9416AB428A0CF5B00C7BCA2 /* Sources */ = {
			isa = PBXSourcesBuildPhase;
			buildActionMask = 2147483647;
			files = (
				C9416AEE28A1238200C7BCA2 /* Model.swift in Sources */,
				C9416AF528A1364E00C7BCA2 /* SchoolResultFetcherView.swift in Sources */,
				C9416ABD28A0CF5B00C7BCA2 /* DirectoryView.swift in Sources */,
				C9416AF828A1376800C7BCA2 /* LoadingView.swift in Sources */,
				C9416AEA28A0E73400C7BCA2 /* Foundation+Ext.swift in Sources */,
				C9416AEC28A10DD000C7BCA2 /* SchoolResults.swift in Sources */,
				C9416AE528A0D96A00C7BCA2 /* SchoolSrv.swift in Sources */,
				C9416ABB28A0CF5B00C7BCA2 /* NYCSchoolsApp.swift in Sources */,
				C9416AF328A1327700C7BCA2 /* SchoolResultView.swift in Sources */,
				C9416AF128A12C6700C7BCA2 /* SchoolInfoView.swift in Sources */,
				C9416AE728A0DD7800C7BCA2 /* SchoolInfo.swift in Sources */,
			);
			runOnlyForDeploymentPostprocessing = 0;
		};
		C9416AC328A0CF5D00C7BCA2 /* Sources */ = {
			isa = PBXSourcesBuildPhase;
			buildActionMask = 2147483647;
			files = (
				C9416ACC28A0CF5D00C7BCA2 /* NYCSchoolsTests.swift in Sources */,
			);
			runOnlyForDeploymentPostprocessing = 0;
		};
/* End PBXSourcesBuildPhase section */

/* Begin PBXTargetDependency section */
		C9416AC928A0CF5D00C7BCA2 /* PBXTargetDependency */ = {
			isa = PBXTargetDependency;
			target = C9416AB728A0CF5B00C7BCA2 /* NYCSchools */;
			targetProxy = C9416AC828A0CF5D00C7BCA2 /* PBXContainerItemProxy */;
		};
/* End PBXTargetDependency section */

/* Begin XCBuildConfiguration section */
		C9416AA928A0CEF400C7BCA2 /* Debug */ = {
			isa = XCBuildConfiguration;
			buildSettings = {
				ALWAYS_SEARCH_USER_PATHS = NO;
				CLANG_ANALYZER_NONNULL = YES;
				CLANG_ANALYZER_NUMBER_OBJECT_CONVERSION = YES_AGGRESSIVE;
				CLANG_CXX_LANGUAGE_STANDARD = "gnu++17";
				CLANG_ENABLE_MODULES = YES;
				CLANG_ENABLE_OBJC_ARC = YES;
				CLANG_ENABLE_OBJC_WEAK = YES;
				CLANG_WARN_BLOCK_CAPTURE_AUTORELEASING = YES;
				CLANG_WARN_BOOL_CONVERSION = YES;
				CLANG_WARN_COMMA = YES;
				CLANG_WARN_CONSTANT_CONVERSION = YES;
				CLANG_WARN_DEPRECATED_OBJC_IMPLEMENTATIONS = YES;
				CLANG_WARN_DIRECT_OBJC_ISA_USAGE = YES_ERROR;
				CLANG_WARN_DOCUMENTATION_COMMENTS = YES;
				CLANG_WARN_EMPTY_BODY = YES;
				CLANG_WARN_ENUM_CONVERSION = YES;
				CLANG_WARN_INFINITE_RECURSION = YES;
				CLANG_WARN_INT_CONVERSION = YES;
				CLANG_WARN_NON_LITERAL_NULL_CONVERSION = YES;
				CLANG_WARN_OBJC_IMPLICIT_RETAIN_SELF = YES;
				CLANG_WARN_OBJC_LITERAL_CONVERSION = YES;
				CLANG_WARN_OBJC_ROOT_CLASS = YES_ERROR;
				CLANG_WARN_QUOTED_INCLUDE_IN_FRAMEWORK_HEADER = YES;
				CLANG_WARN_RANGE_LOOP_ANALYSIS = YES;
				CLANG_WARN_STRICT_PROTOTYPES = YES;
				CLANG_WARN_SUSPICIOUS_MOVE = YES;
				CLANG_WARN_UNGUARDED_AVAILABILITY = YES_AGGRESSIVE;
				CLANG_WARN_UNREACHABLE_CODE = YES;
				CLANG_WARN__DUPLICATE_METHOD_MATCH = YES;
				COPY_PHASE_STRIP = NO;
				DEBUG_INFORMATION_FORMAT = dwarf;
				ENABLE_STRICT_OBJC_MSGSEND = YES;
				ENABLE_TESTABILITY = YES;
				GCC_C_LANGUAGE_STANDARD = gnu11;
				GCC_DYNAMIC_NO_PIC = NO;
				GCC_NO_COMMON_BLOCKS = YES;
				GCC_OPTIMIZATION_LEVEL = 0;
				GCC_PREPROCESSOR_DEFINITIONS = (
					"DEBUG=1",
					"$(inherited)",
				);
				GCC_WARN_64_TO_32_BIT_CONVERSION = YES;
				GCC_WARN_ABOUT_RETURN_TYPE = YES_ERROR;
				GCC_WARN_UNDECLARED_SELECTOR = YES;
				GCC_WARN_UNINITIALIZED_AUTOS = YES_AGGRESSIVE;
				GCC_WARN_UNUSED_FUNCTION = YES;
				GCC_WARN_UNUSED_VARIABLE = YES;
				IPHONEOS_DEPLOYMENT_TARGET = 15.5;
				MTL_ENABLE_DEBUG_INFO = INCLUDE_SOURCE;
				MTL_FAST_MATH = YES;
				ONLY_ACTIVE_ARCH = YES;
				SDKROOT = iphoneos;
				SWIFT_ACTIVE_COMPILATION_CONDITIONS = DEBUG;
				SWIFT_OPTIMIZATION_LEVEL = "-Onone";
			};
			name = Debug;
		};
		C9416AAA28A0CEF400C7BCA2 /* Release */ = {
			isa = XCBuildConfiguration;
			buildSettings = {
				ALWAYS_SEARCH_USER_PATHS = NO;
				CLANG_ANALYZER_NONNULL = YES;
				CLANG_ANALYZER_NUMBER_OBJECT_CONVERSION = YES_AGGRESSIVE;
				CLANG_CXX_LANGUAGE_STANDARD = "gnu++17";
				CLANG_ENABLE_MODULES = YES;
				CLANG_ENABLE_OBJC_ARC = YES;
				CLANG_ENABLE_OBJC_WEAK = YES;
				CLANG_WARN_BLOCK_CAPTURE_AUTORELEASING = YES;
				CLANG_WARN_BOOL_CONVERSION = YES;
				CLANG_WARN_COMMA = YES;
				CLANG_WARN_CONSTANT_CONVERSION = YES;
				CLANG_WARN_DEPRECATED_OBJC_IMPLEMENTATIONS = YES;
				CLANG_WARN_DIRECT_OBJC_ISA_USAGE = YES_ERROR;
				CLANG_WARN_DOCUMENTATION_COMMENTS = YES;
				CLANG_WARN_EMPTY_BODY = YES;
				CLANG_WARN_ENUM_CONVERSION = YES;
				CLANG_WARN_INFINITE_RECURSION = YES;
				CLANG_WARN_INT_CONVERSION = YES;
				CLANG_WARN_NON_LITERAL_NULL_CONVERSION = YES;
				CLANG_WARN_OBJC_IMPLICIT_RETAIN_SELF = YES;
				CLANG_WARN_OBJC_LITERAL_CONVERSION = YES;
				CLANG_WARN_OBJC_ROOT_CLASS = YES_ERROR;
				CLANG_WARN_QUOTED_INCLUDE_IN_FRAMEWORK_HEADER = YES;
				CLANG_WARN_RANGE_LOOP_ANALYSIS = YES;
				CLANG_WARN_STRICT_PROTOTYPES = YES;
				CLANG_WARN_SUSPICIOUS_MOVE = YES;
				CLANG_WARN_UNGUARDED_AVAILABILITY = YES_AGGRESSIVE;
				CLANG_WARN_UNREACHABLE_CODE = YES;
				CLANG_WARN__DUPLICATE_METHOD_MATCH = YES;
				COPY_PHASE_STRIP = NO;
				DEBUG_INFORMATION_FORMAT = "dwarf-with-dsym";
				ENABLE_NS_ASSERTIONS = NO;
				ENABLE_STRICT_OBJC_MSGSEND = YES;
				GCC_C_LANGUAGE_STANDARD = gnu11;
				GCC_NO_COMMON_BLOCKS = YES;
				GCC_WARN_64_TO_32_BIT_CONVERSION = YES;
				GCC_WARN_ABOUT_RETURN_TYPE = YES_ERROR;
				GCC_WARN_UNDECLARED_SELECTOR = YES;
				GCC_WARN_UNINITIALIZED_AUTOS = YES_AGGRESSIVE;
				GCC_WARN_UNUSED_FUNCTION = YES;
				GCC_WARN_UNUSED_VARIABLE = YES;
				IPHONEOS_DEPLOYMENT_TARGET = 15.5;
				MTL_ENABLE_DEBUG_INFO = NO;
				MTL_FAST_MATH = YES;
				SDKROOT = iphoneos;
				SWIFT_COMPILATION_MODE = wholemodule;
				SWIFT_OPTIMIZATION_LEVEL = "-O";
				VALIDATE_PRODUCT = YES;
			};
			name = Release;
		};
		C9416ADA28A0CF5D00C7BCA2 /* Debug */ = {
			isa = XCBuildConfiguration;
			buildSettings = {
				ASSETCATALOG_COMPILER_APPICON_NAME = AppIcon;
				ASSETCATALOG_COMPILER_GLOBAL_ACCENT_COLOR_NAME = AccentColor;
				CODE_SIGN_STYLE = Automatic;
				CURRENT_PROJECT_VERSION = 1;
				DEVELOPMENT_ASSET_PATHS = "\"NYCSchools/Preview Content\"";
				DEVELOPMENT_TEAM = KDZ6BY693L;
				ENABLE_PREVIEWS = YES;
				GENERATE_INFOPLIST_FILE = YES;
				INFOPLIST_KEY_UIApplicationSceneManifest_Generation = YES;
				INFOPLIST_KEY_UIApplicationSupportsIndirectInputEvents = YES;
				INFOPLIST_KEY_UILaunchScreen_Generation = YES;
				INFOPLIST_KEY_UISupportedInterfaceOrientations_iPhone = UIInterfaceOrientationPortrait;
				LD_RUNPATH_SEARCH_PATHS = (
					"$(inherited)",
					"@executable_path/Frameworks",
				);
				MARKETING_VERSION = 1.0;
				PRODUCT_BUNDLE_IDENTIFIER = iDeasTouch.NYCSchools;
				PRODUCT_NAME = "$(TARGET_NAME)";
				SWIFT_EMIT_LOC_STRINGS = YES;
				SWIFT_VERSION = 5.0;
				TARGETED_DEVICE_FAMILY = "1,2";
			};
			name = Debug;
		};
		C9416ADB28A0CF5D00C7BCA2 /* Release */ = {
			isa = XCBuildConfiguration;
			buildSettings = {
				ASSETCATALOG_COMPILER_APPICON_NAME = AppIcon;
				ASSETCATALOG_COMPILER_GLOBAL_ACCENT_COLOR_NAME = AccentColor;
				CODE_SIGN_STYLE = Automatic;
				CURRENT_PROJECT_VERSION = 1;
				DEVELOPMENT_ASSET_PATHS = "\"NYCSchools/Preview Content\"";
				DEVELOPMENT_TEAM = KDZ6BY693L;
				ENABLE_PREVIEWS = YES;
				GENERATE_INFOPLIST_FILE = YES;
				INFOPLIST_KEY_UIApplicationSceneManifest_Generation = YES;
				INFOPLIST_KEY_UIApplicationSupportsIndirectInputEvents = YES;
				INFOPLIST_KEY_UILaunchScreen_Generation = YES;
				INFOPLIST_KEY_UISupportedInterfaceOrientations_iPhone = UIInterfaceOrientationPortrait;
				LD_RUNPATH_SEARCH_PATHS = (
					"$(inherited)",
					"@executable_path/Frameworks",
				);
				MARKETING_VERSION = 1.0;
				PRODUCT_BUNDLE_IDENTIFIER = iDeasTouch.NYCSchools;
				PRODUCT_NAME = "$(TARGET_NAME)";
				SWIFT_EMIT_LOC_STRINGS = YES;
				SWIFT_VERSION = 5.0;
				TARGETED_DEVICE_FAMILY = "1,2";
			};
			name = Release;
		};
		C9416ADD28A0CF5D00C7BCA2 /* Debug */ = {
			isa = XCBuildConfiguration;
			buildSettings = {
				ALWAYS_EMBED_SWIFT_STANDARD_LIBRARIES = YES;
				BUNDLE_LOADER = "$(TEST_HOST)";
				CODE_SIGN_STYLE = Automatic;
				CURRENT_PROJECT_VERSION = 1;
				DEVELOPMENT_TEAM = KDZ6BY693L;
				GENERATE_INFOPLIST_FILE = YES;
				IPHONEOS_DEPLOYMENT_TARGET = 15.5;
				MARKETING_VERSION = 1.0;
				PRODUCT_BUNDLE_IDENTIFIER = iDeasTouch.NYCSchoolsTests;
				PRODUCT_NAME = "$(TARGET_NAME)";
				SWIFT_EMIT_LOC_STRINGS = NO;
				SWIFT_VERSION = 5.0;
				TARGETED_DEVICE_FAMILY = "1,2";
				TEST_HOST = "$(BUILT_PRODUCTS_DIR)/NYCSchools.app/NYCSchools";
			};
			name = Debug;
		};
		C9416ADE28A0CF5D00C7BCA2 /* Release */ = {
			isa = XCBuildConfiguration;
			buildSettings = {
				ALWAYS_EMBED_SWIFT_STANDARD_LIBRARIES = YES;
				BUNDLE_LOADER = "$(TEST_HOST)";
				CODE_SIGN_STYLE = Automatic;
				CURRENT_PROJECT_VERSION = 1;
				DEVELOPMENT_TEAM = KDZ6BY693L;
				GENERATE_INFOPLIST_FILE = YES;
				IPHONEOS_DEPLOYMENT_TARGET = 15.5;
				MARKETING_VERSION = 1.0;
				PRODUCT_BUNDLE_IDENTIFIER = iDeasTouch.NYCSchoolsTests;
				PRODUCT_NAME = "$(TARGET_NAME)";
				SWIFT_EMIT_LOC_STRINGS = NO;
				SWIFT_VERSION = 5.0;
				TARGETED_DEVICE_FAMILY = "1,2";
				TEST_HOST = "$(BUILT_PRODUCTS_DIR)/NYCSchools.app/NYCSchools";
			};
			name = Release;
		};
/* End XCBuildConfiguration section */

/* Begin XCConfigurationList section */
		C9416A8228A0CEF200C7BCA2 /* Build configuration list for PBXProject "20220807-GustavoHalperin-NYCSchools" */ = {
			isa = XCConfigurationList;
			buildConfigurations = (
				C9416AA928A0CEF400C7BCA2 /* Debug */,
				C9416AAA28A0CEF400C7BCA2 /* Release */,
			);
			defaultConfigurationIsVisible = 0;
			defaultConfigurationName = Release;
		};
		C9416AD928A0CF5D00C7BCA2 /* Build configuration list for PBXNativeTarget "NYCSchools" */ = {
			isa = XCConfigurationList;
			buildConfigurations = (
				C9416ADA28A0CF5D00C7BCA2 /* Debug */,
				C9416ADB28A0CF5D00C7BCA2 /* Release */,
			);
			defaultConfigurationIsVisible = 0;
			defaultConfigurationName = Release;
		};
		C9416ADC28A0CF5D00C7BCA2 /* Build configuration list for PBXNativeTarget "NYCSchoolsTests" */ = {
			isa = XCConfigurationList;
			buildConfigurations = (
				C9416ADD28A0CF5D00C7BCA2 /* Debug */,
				C9416ADE28A0CF5D00C7BCA2 /* Release */,
			);
			defaultConfigurationIsVisible = 0;
			defaultConfigurationName = Release;
		};
/* End XCConfigurationList section */
	};
	rootObject = C9416A7F28A0CEF200C7BCA2 /* Project object */;
}
